
Microsoft Visual Studio Solution File, Format Version 12.00
# Visual Studio Version 16
VisualStudioVersion = 16.0.31321.278
MinimumVisualStudioVersion = 10.0.40219.1
Project("{FAE04EC0-301F-11D3-BF4B-00C04F79EFBC}") = "TqlBootcamp", "TqlBootcamp\TqlBootcamp.csproj", "{09BFCEBB-B2F7-4843-88A6-94097EAFB6E2}"
EndProject
Global
	GlobalSection(SolutionConfigurationPlatforms) = preSolution
		Debug|Any CPU = Debug|Any CPU
		Release|Any CPU = Release|Any CPU
	EndGlobalSection
	GlobalSection(ProjectConfigurationPlatforms) = postSolution
		{09BFCEBB-B2F7-4843-88A6-94097EAFB6E2}.Debug|Any CPU.ActiveCfg = Debug|Any CPU
		{09BFCEBB-B2F7-4843-88A6-94097EAFB6E2}.Debug|Any CPU.Build.0 = Debug|Any CPU
		{09BFCEBB-B2F7-4843-88A6-94097EAFB6E2}.Release|Any CPU.ActiveCfg = Release|Any CPU
		{09BFCEBB-B2F7-4843-88A6-94097EAFB6E2}.Release|Any CPU.Build.0 = Release|Any CPU
	EndGlobalSection
	GlobalSection(SolutionProperties) = preSolution
		HideSolutionNode = FALSE
	EndGlobalSection
	GlobalSection(ExtensibilityGlobals) = postSolution
		SolutionGuid = {B59FA4C2-C8EF-400C-BB75-5A63BC3276D1}
	EndGlobalSection
EndGlobal
